SITE
  remote: http://community.opscode.com/api/v1
  specs:
    apt (2.0.0)
    build-essential (1.4.0)
    chef_handler (1.1.4)
    dmg (1.1.0)
    docker (0.6.2)
      apt (>= 0.0.0)
      git (>= 0.0.0)
      golang (>= 0.0.0)
      lxc (>= 0.0.0)
      modules (>= 0.0.0)
    dpkg_autostart (0.1.6)
    git (2.5.2)
      build-essential (>= 0.0.0)
      dmg (>= 0.0.0)
      runit (>= 1.0)
      windows (>= 0.0.0)
      yum (>= 0.0.0)
    golang (1.1.1)
      git (>= 0.0.0)
    modules (0.1.2)
    ruby_installer (0.1.2)
      build-essential (>= 0.0.0)
    runit (1.1.6)
      build-essential (>= 0.0.0)
      yum (>= 0.0.0)
    windows (1.10.0)
      chef_handler (>= 0.0.0)
    yum (2.3.0)

GIT
  remote: https://github.com/hw-cookbooks/lxc.git
  ref: develop
  sha: 59dbe293141afd2ad6e30c3411876be53f79e06a
  specs:
    lxc (1.0.1)
      dpkg_autostart (~> 0.1.2)

DEPENDENCIES
  docker (>= 0)
  lxc (>= 0)
  ruby_installer (>= 0)

